
Microsoft Visual Studio Solution File, Format Version 12.00
# Visual Studio 15
VisualStudioVersion = 15.0.27004.2009
MinimumVisualStudioVersion = 10.0.40219.1
Project("{9A19103F-16F7-4668-BE54-9A1E7A4F7556}") = "aspnet-core-webapi", "aspnet-core-webapi\aspnet-core-webapi.csproj", "{1ABF8C31-9879-40C8-B17A-32C3ED4325E0}"
EndProject
Project("{2150E333-8FDC-42A3-9474-1A3956D46DE8}") = "Contracts", "Contracts", "{510548C6-6568-4196-BAFF-D6EFF746C94B}"
EndProject
Project("{2150E333-8FDC-42A3-9474-1A3956D46DE8}") = "Modules", "Modules", "{BA854245-FC76-4DE2-949E-EEF0861BF48D}"
EndProject
Project("{9A19103F-16F7-4668-BE54-9A1E7A4F7556}") = "de.playground.aspnet.core.contracts.dtos", "Contracts\dtos\de.playground.aspnet.core.contracts.dtos\de.playground.aspnet.core.contracts.dtos.csproj", "{2801B4E0-B70C-4A08-A357-2E5FF0323519}"
EndProject
Project("{9A19103F-16F7-4668-BE54-9A1E7A4F7556}") = "de.playground.aspnet.core.contracts.modules", "Contracts\modules\de.playground.aspnet.core.contracts.modules\de.playground.aspnet.core.contracts.modules.csproj", "{CC3358C0-F199-4906-9246-D932911EFA86}"
EndProject
Project("{9A19103F-16F7-4668-BE54-9A1E7A4F7556}") = "de.playground.aspnet.core.modules", "Modules\de.playground.aspnet.core.modules\de.playground.aspnet.core.modules.csproj", "{F45A20E4-0BBF-4F7A-86E4-9CE8BDEDEBD1}"
EndProject
Project("{2150E333-8FDC-42A3-9474-1A3956D46DE8}") = "Dtos", "Dtos", "{04E5F26D-86C5-4FF0-A979-9EBF99394BDB}"
EndProject
Project("{9A19103F-16F7-4668-BE54-9A1E7A4F7556}") = "de.playground.aspnet.core.dtos", "Dtos\de.playground.aspnet.core.dtos\de.playground.aspnet.core.dtos.csproj", "{9A2FB16F-4746-4E3A-B641-386ADEEECF86}"
EndProject
Project("{9A19103F-16F7-4668-BE54-9A1E7A4F7556}") = "net-core-console", "net-core-console\net-core-console.csproj", "{E943C306-639D-45ED-A7D3-E9B2AE970370}"
EndProject
Project("{9A19103F-16F7-4668-BE54-9A1E7A4F7556}") = "aspnet-core-mvc", "aspnet-core-mvc\aspnet-core-mvc.csproj", "{E64378CB-A835-409A-B7CF-12F23A7AE437}"
EndProject
Project("{9A19103F-16F7-4668-BE54-9A1E7A4F7556}") = "de.playground.aspnet.core.contracts.utils.logger", "Contracts\utils\de.playground.aspnet.core.contracts.utils.logger\de.playground.aspnet.core.contracts.utils.logger.csproj", "{294068B8-E168-46E3-BF84-5684BCD2D9E9}"
EndProject
Project("{2150E333-8FDC-42A3-9474-1A3956D46DE8}") = "Utils", "Utils", "{14CF8397-805C-4A5E-8C41-6B5B015B7ACB}"
EndProject
Project("{9A19103F-16F7-4668-BE54-9A1E7A4F7556}") = "de.playground.aspnet.core.utils.swagger", "Utils\de.playground.aspnet.core.utils.swagger\de.playground.aspnet.core.utils.swagger.csproj", "{63D1CD50-269A-4D57-A9D8-CEA3837ABEF2}"
EndProject
Project("{2150E333-8FDC-42A3-9474-1A3956D46DE8}") = "Servers", "Servers", "{11019AB8-18D6-4F4E-8EEC-8E85155BF661}"
EndProject
Project("{9A19103F-16F7-4668-BE54-9A1E7A4F7556}") = "de.playground.aspnet.core.servers.middlewares", "Servers\de.playground.aspnet.core.servers.middlewares\de.playground.aspnet.core.servers.middlewares.csproj", "{0D24F668-9C19-4BDC-813D-64EC7337FF9B}"
EndProject
Project("{FAE04EC0-301F-11D3-BF4B-00C04F79EFBC}") = "de.playground.aspnet.core.contracts.pocos", "Contracts\pocos\de.playground.aspnet.core.contracts.pocos\de.playground.aspnet.core.contracts.pocos.csproj", "{1B0BDE90-739B-4466-9AD0-D63032A4B613}"
EndProject
Project("{FAE04EC0-301F-11D3-BF4B-00C04F79EFBC}") = "de.playground.aspnet.core.contracts.dataaccesses", "Contracts\dataaccesses\de.playground.aspnet.core.contracts.dataaccesses\de.playground.aspnet.core.contracts.dataaccesses.csproj", "{9A336EE2-4B94-4B04-B673-30A739BA11D9}"
EndProject
Project("{2150E333-8FDC-42A3-9474-1A3956D46DE8}") = "DataAccesses", "DataAccesses", "{D8F004C9-1291-4468-B157-22A2F22EBC97}"
EndProject
Project("{FAE04EC0-301F-11D3-BF4B-00C04F79EFBC}") = "de.playground.aspnet.core.dataaccesses.inmemory", "DataAccesses\de.playground.aspnet.core.dataaccesses.inmemory\de.playground.aspnet.core.dataaccesses.inmemory.csproj", "{04EE592C-FDB7-4B00-8A72-64D54505A56F}"
EndProject
Project("{2150E333-8FDC-42A3-9474-1A3956D46DE8}") = "Pocos", "Pocos", "{D83BB788-4822-4772-A801-AAC390422CC8}"
EndProject
Project("{FAE04EC0-301F-11D3-BF4B-00C04F79EFBC}") = "de.playground.aspnet.core.pocos", "Pocos\de.playground.aspnet.core.pocos\de.playground.aspnet.core.pocos.csproj", "{73B4599B-D325-4AA8-A1E1-A30FE2E78290}"
EndProject
Global
	GlobalSection(SolutionConfigurationPlatforms) = preSolution
		Debug|Any CPU = Debug|Any CPU
		Release|Any CPU = Release|Any CPU
	EndGlobalSection
	GlobalSection(ProjectConfigurationPlatforms) = postSolution
		{1ABF8C31-9879-40C8-B17A-32C3ED4325E0}.Debug|Any CPU.ActiveCfg = Debug|Any CPU
		{1ABF8C31-9879-40C8-B17A-32C3ED4325E0}.Debug|Any CPU.Build.0 = Debug|Any CPU
		{1ABF8C31-9879-40C8-B17A-32C3ED4325E0}.Release|Any CPU.ActiveCfg = Release|Any CPU
		{1ABF8C31-9879-40C8-B17A-32C3ED4325E0}.Release|Any CPU.Build.0 = Release|Any CPU
		{2801B4E0-B70C-4A08-A357-2E5FF0323519}.Debug|Any CPU.ActiveCfg = Debug|Any CPU
		{2801B4E0-B70C-4A08-A357-2E5FF0323519}.Debug|Any CPU.Build.0 = Debug|Any CPU
		{2801B4E0-B70C-4A08-A357-2E5FF0323519}.Release|Any CPU.ActiveCfg = Release|Any CPU
		{2801B4E0-B70C-4A08-A357-2E5FF0323519}.Release|Any CPU.Build.0 = Release|Any CPU
		{CC3358C0-F199-4906-9246-D932911EFA86}.Debug|Any CPU.ActiveCfg = Debug|Any CPU
		{CC3358C0-F199-4906-9246-D932911EFA86}.Debug|Any CPU.Build.0 = Debug|Any CPU
		{CC3358C0-F199-4906-9246-D932911EFA86}.Release|Any CPU.ActiveCfg = Release|Any CPU
		{CC3358C0-F199-4906-9246-D932911EFA86}.Release|Any CPU.Build.0 = Release|Any CPU
		{F45A20E4-0BBF-4F7A-86E4-9CE8BDEDEBD1}.Debug|Any CPU.ActiveCfg = Debug|Any CPU
		{F45A20E4-0BBF-4F7A-86E4-9CE8BDEDEBD1}.Debug|Any CPU.Build.0 = Debug|Any CPU
		{F45A20E4-0BBF-4F7A-86E4-9CE8BDEDEBD1}.Release|Any CPU.ActiveCfg = Release|Any CPU
		{F45A20E4-0BBF-4F7A-86E4-9CE8BDEDEBD1}.Release|Any CPU.Build.0 = Release|Any CPU
		{9A2FB16F-4746-4E3A-B641-386ADEEECF86}.Debug|Any CPU.ActiveCfg = Debug|Any CPU
		{9A2FB16F-4746-4E3A-B641-386ADEEECF86}.Debug|Any CPU.Build.0 = Debug|Any CPU
		{9A2FB16F-4746-4E3A-B641-386ADEEECF86}.Release|Any CPU.ActiveCfg = Release|Any CPU
		{9A2FB16F-4746-4E3A-B641-386ADEEECF86}.Release|Any CPU.Build.0 = Release|Any CPU
		{E943C306-639D-45ED-A7D3-E9B2AE970370}.Debug|Any CPU.ActiveCfg = Debug|Any CPU
		{E943C306-639D-45ED-A7D3-E9B2AE970370}.Debug|Any CPU.Build.0 = Debug|Any CPU
		{E943C306-639D-45ED-A7D3-E9B2AE970370}.Release|Any CPU.ActiveCfg = Release|Any CPU
		{E943C306-639D-45ED-A7D3-E9B2AE970370}.Release|Any CPU.Build.0 = Release|Any CPU
		{E64378CB-A835-409A-B7CF-12F23A7AE437}.Debug|Any CPU.ActiveCfg = Debug|Any CPU
		{E64378CB-A835-409A-B7CF-12F23A7AE437}.Debug|Any CPU.Build.0 = Debug|Any CPU
		{E64378CB-A835-409A-B7CF-12F23A7AE437}.Release|Any CPU.ActiveCfg = Release|Any CPU
		{E64378CB-A835-409A-B7CF-12F23A7AE437}.Release|Any CPU.Build.0 = Release|Any CPU
		{294068B8-E168-46E3-BF84-5684BCD2D9E9}.Debug|Any CPU.ActiveCfg = Debug|Any CPU
		{294068B8-E168-46E3-BF84-5684BCD2D9E9}.Debug|Any CPU.Build.0 = Debug|Any CPU
		{294068B8-E168-46E3-BF84-5684BCD2D9E9}.Release|Any CPU.ActiveCfg = Release|Any CPU
		{294068B8-E168-46E3-BF84-5684BCD2D9E9}.Release|Any CPU.Build.0 = Release|Any CPU
		{63D1CD50-269A-4D57-A9D8-CEA3837ABEF2}.Debug|Any CPU.ActiveCfg = Debug|Any CPU
		{63D1CD50-269A-4D57-A9D8-CEA3837ABEF2}.Debug|Any CPU.Build.0 = Debug|Any CPU
		{63D1CD50-269A-4D57-A9D8-CEA3837ABEF2}.Release|Any CPU.ActiveCfg = Release|Any CPU
		{63D1CD50-269A-4D57-A9D8-CEA3837ABEF2}.Release|Any CPU.Build.0 = Release|Any CPU
		{0D24F668-9C19-4BDC-813D-64EC7337FF9B}.Debug|Any CPU.ActiveCfg = Debug|Any CPU
		{0D24F668-9C19-4BDC-813D-64EC7337FF9B}.Debug|Any CPU.Build.0 = Debug|Any CPU
		{0D24F668-9C19-4BDC-813D-64EC7337FF9B}.Release|Any CPU.ActiveCfg = Release|Any CPU
		{0D24F668-9C19-4BDC-813D-64EC7337FF9B}.Release|Any CPU.Build.0 = Release|Any CPU
		{1B0BDE90-739B-4466-9AD0-D63032A4B613}.Debug|Any CPU.ActiveCfg = Debug|Any CPU
		{1B0BDE90-739B-4466-9AD0-D63032A4B613}.Debug|Any CPU.Build.0 = Debug|Any CPU
		{1B0BDE90-739B-4466-9AD0-D63032A4B613}.Release|Any CPU.ActiveCfg = Release|Any CPU
		{1B0BDE90-739B-4466-9AD0-D63032A4B613}.Release|Any CPU.Build.0 = Release|Any CPU
		{9A336EE2-4B94-4B04-B673-30A739BA11D9}.Debug|Any CPU.ActiveCfg = Debug|Any CPU
		{9A336EE2-4B94-4B04-B673-30A739BA11D9}.Debug|Any CPU.Build.0 = Debug|Any CPU
		{9A336EE2-4B94-4B04-B673-30A739BA11D9}.Release|Any CPU.ActiveCfg = Release|Any CPU
		{9A336EE2-4B94-4B04-B673-30A739BA11D9}.Release|Any CPU.Build.0 = Release|Any CPU
		{04EE592C-FDB7-4B00-8A72-64D54505A56F}.Debug|Any CPU.ActiveCfg = Debug|Any CPU
		{04EE592C-FDB7-4B00-8A72-64D54505A56F}.Debug|Any CPU.Build.0 = Debug|Any CPU
		{04EE592C-FDB7-4B00-8A72-64D54505A56F}.Release|Any CPU.ActiveCfg = Release|Any CPU
		{04EE592C-FDB7-4B00-8A72-64D54505A56F}.Release|Any CPU.Build.0 = Release|Any CPU
		{73B4599B-D325-4AA8-A1E1-A30FE2E78290}.Debug|Any CPU.ActiveCfg = Debug|Any CPU
		{73B4599B-D325-4AA8-A1E1-A30FE2E78290}.Debug|Any CPU.Build.0 = Debug|Any CPU
		{73B4599B-D325-4AA8-A1E1-A30FE2E78290}.Release|Any CPU.ActiveCfg = Release|Any CPU
		{73B4599B-D325-4AA8-A1E1-A30FE2E78290}.Release|Any CPU.Build.0 = Release|Any CPU
	EndGlobalSection
	GlobalSection(SolutionProperties) = preSolution
		HideSolutionNode = FALSE
	EndGlobalSection
	GlobalSection(NestedProjects) = preSolution
		{2801B4E0-B70C-4A08-A357-2E5FF0323519} = {510548C6-6568-4196-BAFF-D6EFF746C94B}
		{CC3358C0-F199-4906-9246-D932911EFA86} = {510548C6-6568-4196-BAFF-D6EFF746C94B}
		{F45A20E4-0BBF-4F7A-86E4-9CE8BDEDEBD1} = {BA854245-FC76-4DE2-949E-EEF0861BF48D}
		{9A2FB16F-4746-4E3A-B641-386ADEEECF86} = {04E5F26D-86C5-4FF0-A979-9EBF99394BDB}
		{294068B8-E168-46E3-BF84-5684BCD2D9E9} = {510548C6-6568-4196-BAFF-D6EFF746C94B}
		{63D1CD50-269A-4D57-A9D8-CEA3837ABEF2} = {14CF8397-805C-4A5E-8C41-6B5B015B7ACB}
		{0D24F668-9C19-4BDC-813D-64EC7337FF9B} = {11019AB8-18D6-4F4E-8EEC-8E85155BF661}
		{1B0BDE90-739B-4466-9AD0-D63032A4B613} = {510548C6-6568-4196-BAFF-D6EFF746C94B}
		{9A336EE2-4B94-4B04-B673-30A739BA11D9} = {510548C6-6568-4196-BAFF-D6EFF746C94B}
		{04EE592C-FDB7-4B00-8A72-64D54505A56F} = {D8F004C9-1291-4468-B157-22A2F22EBC97}
		{73B4599B-D325-4AA8-A1E1-A30FE2E78290} = {D83BB788-4822-4772-A801-AAC390422CC8}
	EndGlobalSection
	GlobalSection(ExtensibilityGlobals) = postSolution
		SolutionGuid = {6C1A3876-5607-4D58-AFF9-F8C82BAFE93B}
	EndGlobalSection
EndGlobal
